
Microsoft Visual Studio Solution File, Format Version 12.00
# Visual Studio Version 16
VisualStudioVersion = 16.0.31205.134
MinimumVisualStudioVersion = 10.0.40219.1
Project("{9A19103F-16F7-4668-BE54-9A1E7A4F7556}") = "First", "First\First.csproj", "{3BB1C26D-1BFD-4AE8-A0E7-B4DAC1FF6BEE}"
EndProject
Project("{FAE04EC0-301F-11D3-BF4B-00C04F79EFBC}") = "Donguler", "Donguler\Donguler.csproj", "{C0537AB0-E0B9-4314-8F03-D4DB0029FC6B}"
EndProject
Project("{FAE04EC0-301F-11D3-BF4B-00C04F79EFBC}") = "ClassIntro", "ClassIntro\ClassIntro.csproj", "{E70325DD-5F88-41EF-BF43-CA13C4094D4F}"
EndProject
Project("{FAE04EC0-301F-11D3-BF4B-00C04F79EFBC}") = "odev", "odev\odev.csproj", "{99B19E3B-2F7B-49F1-A129-968FB661CF0D}"
EndProject
Project("{FAE04EC0-301F-11D3-BF4B-00C04F79EFBC}") = "Metotlar", "Metotlar\Metotlar.csproj", "{80DAF9FD-ED7C-48D3-B692-280745FD0654}"
EndProject
Project("{FAE04EC0-301F-11D3-BF4B-00C04F79EFBC}") = "Matematik", "Matematik\Matematik.csproj", "{3DCCF4CD-A500-4F2F-A414-48C91B2BB44A}"
EndProject
Project("{FAE04EC0-301F-11D3-BF4B-00C04F79EFBC}") = "DegerVeRefereansTipler", "DegerVeRefereansTipler\DegerVeRefereansTipler.csproj", "{174005B0-2DCB-4004-874D-D3FBDFA1B48E}"
EndProject
Global
	GlobalSection(SolutionConfigurationPlatforms) = preSolution
		Debug|Any CPU = Debug|Any CPU
		Release|Any CPU = Release|Any CPU
	EndGlobalSection
	GlobalSection(ProjectConfigurationPlatforms) = postSolution
		{3BB1C26D-1BFD-4AE8-A0E7-B4DAC1FF6BEE}.Debug|Any CPU.ActiveCfg = Debug|Any CPU
		{3BB1C26D-1BFD-4AE8-A0E7-B4DAC1FF6BEE}.Debug|Any CPU.Build.0 = Debug|Any CPU
		{3BB1C26D-1BFD-4AE8-A0E7-B4DAC1FF6BEE}.Release|Any CPU.ActiveCfg = Release|Any CPU
		{3BB1C26D-1BFD-4AE8-A0E7-B4DAC1FF6BEE}.Release|Any CPU.Build.0 = Release|Any CPU
		{C0537AB0-E0B9-4314-8F03-D4DB0029FC6B}.Debug|Any CPU.ActiveCfg = Debug|Any CPU
		{C0537AB0-E0B9-4314-8F03-D4DB0029FC6B}.Debug|Any CPU.Build.0 = Debug|Any CPU
		{C0537AB0-E0B9-4314-8F03-D4DB0029FC6B}.Release|Any CPU.ActiveCfg = Release|Any CPU
		{C0537AB0-E0B9-4314-8F03-D4DB0029FC6B}.Release|Any CPU.Build.0 = Release|Any CPU
		{E70325DD-5F88-41EF-BF43-CA13C4094D4F}.Debug|Any CPU.ActiveCfg = Debug|Any CPU
		{E70325DD-5F88-41EF-BF43-CA13C4094D4F}.Debug|Any CPU.Build.0 = Debug|Any CPU
		{E70325DD-5F88-41EF-BF43-CA13C4094D4F}.Release|Any CPU.ActiveCfg = Release|Any CPU
		{E70325DD-5F88-41EF-BF43-CA13C4094D4F}.Release|Any CPU.Build.0 = Release|Any CPU
		{99B19E3B-2F7B-49F1-A129-968FB661CF0D}.Debug|Any CPU.ActiveCfg = Debug|Any CPU
		{99B19E3B-2F7B-49F1-A129-968FB661CF0D}.Debug|Any CPU.Build.0 = Debug|Any CPU
		{99B19E3B-2F7B-49F1-A129-968FB661CF0D}.Release|Any CPU.ActiveCfg = Release|Any CPU
		{99B19E3B-2F7B-49F1-A129-968FB661CF0D}.Release|Any CPU.Build.0 = Release|Any CPU
		{80DAF9FD-ED7C-48D3-B692-280745FD0654}.Debug|Any CPU.ActiveCfg = Debug|Any CPU
		{80DAF9FD-ED7C-48D3-B692-280745FD0654}.Debug|Any CPU.Build.0 = Debug|Any CPU
		{80DAF9FD-ED7C-48D3-B692-280745FD0654}.Release|Any CPU.ActiveCfg = Release|Any CPU
		{80DAF9FD-ED7C-48D3-B692-280745FD0654}.Release|Any CPU.Build.0 = Release|Any CPU
		{3DCCF4CD-A500-4F2F-A414-48C91B2BB44A}.Debug|Any CPU.ActiveCfg = Debug|Any CPU
		{3DCCF4CD-A500-4F2F-A414-48C91B2BB44A}.Debug|Any CPU.Build.0 = Debug|Any CPU
		{3DCCF4CD-A500-4F2F-A414-48C91B2BB44A}.Release|Any CPU.ActiveCfg = Release|Any CPU
		{3DCCF4CD-A500-4F2F-A414-48C91B2BB44A}.Release|Any CPU.Build.0 = Release|Any CPU
		{174005B0-2DCB-4004-874D-D3FBDFA1B48E}.Debug|Any CPU.ActiveCfg = Debug|Any CPU
		{174005B0-2DCB-4004-874D-D3FBDFA1B48E}.Debug|Any CPU.Build.0 = Debug|Any CPU
		{174005B0-2DCB-4004-874D-D3FBDFA1B48E}.Release|Any CPU.ActiveCfg = Release|Any CPU
		{174005B0-2DCB-4004-874D-D3FBDFA1B48E}.Release|Any CPU.Build.0 = Release|Any CPU
	EndGlobalSection
	GlobalSection(SolutionProperties) = preSolution
		HideSolutionNode = FALSE
	EndGlobalSection
	GlobalSection(ExtensibilityGlobals) = postSolution
		SolutionGuid = {9B119B97-B49A-4590-A482-8BFB0A067B20}
	EndGlobalSection
EndGlobal
